// !$*UTF8*$!
{
	archiveVersion = 1;
	classes = {
	};
	objectVersion = 50;
	objects = {

/* Begin PBXBuildFile section */
		4244788625C3FD940033E176 /* OnTheMapApi+URLRequestsTests.swift in Sources */ = {isa = PBXBuildFile; fileRef = 4244788525C3FD940033E176 /* OnTheMapApi+URLRequestsTests.swift */; };
		4244788C25C400250033E176 /* OnTheMapApi+StudentLocation.swift in Sources */ = {isa = PBXBuildFile; fileRef = 4244788B25C400250033E176 /* OnTheMapApi+StudentLocation.swift */; };
		4244789025C4003B0033E176 /* OnTheMapError.swift in Sources */ = {isa = PBXBuildFile; fileRef = 4244788F25C4003B0033E176 /* OnTheMapError.swift */; };
		4244789425C400EC0033E176 /* StudentLocation.swift in Sources */ = {isa = PBXBuildFile; fileRef = 4244789325C400EC0033E176 /* StudentLocation.swift */; };
		4244789825C4031A0033E176 /* ListStudentLocationsView.swift in Sources */ = {isa = PBXBuildFile; fileRef = 4244789725C4031A0033E176 /* ListStudentLocationsView.swift */; };
		4244789C25C403900033E176 /* studentLocationsDummy.json in Resources */ = {isa = PBXBuildFile; fileRef = 4244789B25C403900033E176 /* studentLocationsDummy.json */; };
		424478A025C403C20033E176 /* FileManager+Extensions.swift in Sources */ = {isa = PBXBuildFile; fileRef = 4244789F25C403C20033E176 /* FileManager+Extensions.swift */; };
		424FBFA025C16541008DC2DC /* UdacitySessionCredentials.swift in Sources */ = {isa = PBXBuildFile; fileRef = 424FBF9F25C16541008DC2DC /* UdacitySessionCredentials.swift */; };
		424FBFA325C16993008DC2DC /* UdacitySessionToken.swift in Sources */ = {isa = PBXBuildFile; fileRef = 424FBFA225C16993008DC2DC /* UdacitySessionToken.swift */; };
		424FBFA625C16AD1008DC2DC /* UdacityError.swift in Sources */ = {isa = PBXBuildFile; fileRef = 424FBFA525C16AD1008DC2DC /* UdacityError.swift */; };
		4254552925C55541002BA1A9 /* URL+Extensions.swift in Sources */ = {isa = PBXBuildFile; fileRef = 4254552825C55541002BA1A9 /* URL+Extensions.swift */; };
		4254552D25C56372002BA1A9 /* MapStudentLocationsView.swift in Sources */ = {isa = PBXBuildFile; fileRef = 4254552C25C56372002BA1A9 /* MapStudentLocationsView.swift */; };
		425F7B1625C569EE009A311B /* OnTheMapPinView.swift in Sources */ = {isa = PBXBuildFile; fileRef = 425F7B1525C569EE009A311B /* OnTheMapPinView.swift */; };
		425F7B1A25C56D09009A311B /* StudentLocationDetailView.swift in Sources */ = {isa = PBXBuildFile; fileRef = 425F7B1925C56D09009A311B /* StudentLocationDetailView.swift */; };
		425F7B1E25C570B3009A311B /* HorizontalItemView.swift in Sources */ = {isa = PBXBuildFile; fileRef = 425F7B1D25C570B3009A311B /* HorizontalItemView.swift */; };
		426F530625C2D40500C47B75 /* OnTheMapTests.swift in Sources */ = {isa = PBXBuildFile; fileRef = 426F530525C2D40500C47B75 /* OnTheMapTests.swift */; };
		426F531025C2DFDD00C47B75 /* MapTabView.swift in Sources */ = {isa = PBXBuildFile; fileRef = 426F530F25C2DFDD00C47B75 /* MapTabView.swift */; };
		42A41AA125C0BF39001B37B5 /* OnTheMapApi.swift in Sources */ = {isa = PBXBuildFile; fileRef = 42A41AA025C0BF39001B37B5 /* OnTheMapApi.swift */; };
		42A41AA525C0C1D7001B37B5 /* OnTheMapApi+PostSession.swift in Sources */ = {isa = PBXBuildFile; fileRef = 42A41AA425C0C1D7001B37B5 /* OnTheMapApi+PostSession.swift */; };
		42A41AA825C0C8AA001B37B5 /* OnTheMapModel.swift in Sources */ = {isa = PBXBuildFile; fileRef = 42A41AA725C0C8AA001B37B5 /* OnTheMapModel.swift */; };
		42A452BE25C1619200EDF84C /* ApiClient.swift in Sources */ = {isa = PBXBuildFile; fileRef = 42A452BD25C1619200EDF84C /* ApiClient.swift */; };
		42CD03D625BEC85600EAB1E4 /* OnTheMapApp.swift in Sources */ = {isa = PBXBuildFile; fileRef = 42CD03D525BEC85600EAB1E4 /* OnTheMapApp.swift */; };
		42CD03D825BEC85600EAB1E4 /* MainView.swift in Sources */ = {isa = PBXBuildFile; fileRef = 42CD03D725BEC85600EAB1E4 /* MainView.swift */; };
		42CD03DA25BEC85900EAB1E4 /* Assets.xcassets in Resources */ = {isa = PBXBuildFile; fileRef = 42CD03D925BEC85900EAB1E4 /* Assets.xcassets */; };
		42CD03DD25BEC85900EAB1E4 /* Preview Assets.xcassets in Resources */ = {isa = PBXBuildFile; fileRef = 42CD03DC25BEC85900EAB1E4 /* Preview Assets.xcassets */; };
		42CD03E625BEC8F700EAB1E4 /* LoginView.swift in Sources */ = {isa = PBXBuildFile; fileRef = 42CD03E525BEC8F700EAB1E4 /* LoginView.swift */; };
		42CD03E925BED25700EAB1E4 /* AboutView.swift in Sources */ = {isa = PBXBuildFile; fileRef = 42CD03E825BED25700EAB1E4 /* AboutView.swift */; };
/* End PBXBuildFile section */

/* Begin PBXContainerItemProxy section */
		426F530825C2D40500C47B75 /* PBXContainerItemProxy */ = {
			isa = PBXContainerItemProxy;
			containerPortal = 42CD03CA25BEC85600EAB1E4 /* Project object */;
			proxyType = 1;
			remoteGlobalIDString = 42CD03D125BEC85600EAB1E4;
			remoteInfo = OnTheMap;
		};
/* End PBXContainerItemProxy section */

/* Begin PBXFileReference section */
		4244788525C3FD940033E176 /* OnTheMapApi+URLRequestsTests.swift */ = {isa = PBXFileReference; lastKnownFileType = sourcecode.swift; path = "OnTheMapApi+URLRequestsTests.swift"; sourceTree = "<group>"; };
		4244788B25C400250033E176 /* OnTheMapApi+StudentLocation.swift */ = {isa = PBXFileReference; lastKnownFileType = sourcecode.swift; path = "OnTheMapApi+StudentLocation.swift"; sourceTree = "<group>"; };
		4244788F25C4003B0033E176 /* OnTheMapError.swift */ = {isa = PBXFileReference; lastKnownFileType = sourcecode.swift; path = OnTheMapError.swift; sourceTree = "<group>"; };
		4244789325C400EC0033E176 /* StudentLocation.swift */ = {isa = PBXFileReference; lastKnownFileType = sourcecode.swift; path = StudentLocation.swift; sourceTree = "<group>"; };
		4244789725C4031A0033E176 /* ListStudentLocationsView.swift */ = {isa = PBXFileReference; lastKnownFileType = sourcecode.swift; path = ListStudentLocationsView.swift; sourceTree = "<group>"; };
		4244789B25C403900033E176 /* studentLocationsDummy.json */ = {isa = PBXFileReference; fileEncoding = 4; lastKnownFileType = text.json; path = studentLocationsDummy.json; sourceTree = "<group>"; };
		4244789F25C403C20033E176 /* FileManager+Extensions.swift */ = {isa = PBXFileReference; lastKnownFileType = sourcecode.swift; path = "FileManager+Extensions.swift"; sourceTree = "<group>"; };
		424FBF9F25C16541008DC2DC /* UdacitySessionCredentials.swift */ = {isa = PBXFileReference; lastKnownFileType = sourcecode.swift; path = UdacitySessionCredentials.swift; sourceTree = "<group>"; };
		424FBFA225C16993008DC2DC /* UdacitySessionToken.swift */ = {isa = PBXFileReference; lastKnownFileType = sourcecode.swift; path = UdacitySessionToken.swift; sourceTree = "<group>"; };
		424FBFA525C16AD1008DC2DC /* UdacityError.swift */ = {isa = PBXFileReference; lastKnownFileType = sourcecode.swift; path = UdacityError.swift; sourceTree = "<group>"; };
		4254552825C55541002BA1A9 /* URL+Extensions.swift */ = {isa = PBXFileReference; lastKnownFileType = sourcecode.swift; path = "URL+Extensions.swift"; sourceTree = "<group>"; };
		4254552C25C56372002BA1A9 /* MapStudentLocationsView.swift */ = {isa = PBXFileReference; lastKnownFileType = sourcecode.swift; path = MapStudentLocationsView.swift; sourceTree = "<group>"; };
		425F7B1525C569EE009A311B /* OnTheMapPinView.swift */ = {isa = PBXFileReference; lastKnownFileType = sourcecode.swift; path = OnTheMapPinView.swift; sourceTree = "<group>"; };
		425F7B1925C56D09009A311B /* StudentLocationDetailView.swift */ = {isa = PBXFileReference; lastKnownFileType = sourcecode.swift; path = StudentLocationDetailView.swift; sourceTree = "<group>"; };
		425F7B1D25C570B3009A311B /* HorizontalItemView.swift */ = {isa = PBXFileReference; lastKnownFileType = sourcecode.swift; path = HorizontalItemView.swift; sourceTree = "<group>"; };
		426F530325C2D40500C47B75 /* OnTheMapTests.xctest */ = {isa = PBXFileReference; explicitFileType = wrapper.cfbundle; includeInIndex = 0; path = OnTheMapTests.xctest; sourceTree = BUILT_PRODUCTS_DIR; };
		426F530525C2D40500C47B75 /* OnTheMapTests.swift */ = {isa = PBXFileReference; lastKnownFileType = sourcecode.swift; path = OnTheMapTests.swift; sourceTree = "<group>"; };
		426F530725C2D40500C47B75 /* Info.plist */ = {isa = PBXFileReference; lastKnownFileType = text.plist.xml; path = Info.plist; sourceTree = "<group>"; };
		426F530F25C2DFDD00C47B75 /* MapTabView.swift */ = {isa = PBXFileReference; lastKnownFileType = sourcecode.swift; path = MapTabView.swift; sourceTree = "<group>"; };
		42A41AA025C0BF39001B37B5 /* OnTheMapApi.swift */ = {isa = PBXFileReference; lastKnownFileType = sourcecode.swift; path = OnTheMapApi.swift; sourceTree = "<group>"; };
		42A41AA425C0C1D7001B37B5 /* OnTheMapApi+PostSession.swift */ = {isa = PBXFileReference; lastKnownFileType = sourcecode.swift; path = "OnTheMapApi+PostSession.swift"; sourceTree = "<group>"; };
		42A41AA725C0C8AA001B37B5 /* OnTheMapModel.swift */ = {isa = PBXFileReference; lastKnownFileType = sourcecode.swift; path = OnTheMapModel.swift; sourceTree = "<group>"; };
		42A452BD25C1619200EDF84C /* ApiClient.swift */ = {isa = PBXFileReference; lastKnownFileType = sourcecode.swift; path = ApiClient.swift; sourceTree = "<group>"; };
		42CD03D225BEC85600EAB1E4 /* OnTheMap.app */ = {isa = PBXFileReference; explicitFileType = wrapper.application; includeInIndex = 0; path = OnTheMap.app; sourceTree = BUILT_PRODUCTS_DIR; };
		42CD03D525BEC85600EAB1E4 /* OnTheMapApp.swift */ = {isa = PBXFileReference; lastKnownFileType = sourcecode.swift; path = OnTheMapApp.swift; sourceTree = "<group>"; };
		42CD03D725BEC85600EAB1E4 /* MainView.swift */ = {isa = PBXFileReference; lastKnownFileType = sourcecode.swift; path = MainView.swift; sourceTree = "<group>"; };
		42CD03D925BEC85900EAB1E4 /* Assets.xcassets */ = {isa = PBXFileReference; lastKnownFileType = folder.assetcatalog; path = Assets.xcassets; sourceTree = "<group>"; };
		42CD03DC25BEC85900EAB1E4 /* Preview Assets.xcassets */ = {isa = PBXFileReference; lastKnownFileType = folder.assetcatalog; path = "Preview Assets.xcassets"; sourceTree = "<group>"; };
		42CD03DE25BEC85900EAB1E4 /* Info.plist */ = {isa = PBXFileReference; lastKnownFileType = text.plist.xml; path = Info.plist; sourceTree = "<group>"; };
		42CD03E525BEC8F700EAB1E4 /* LoginView.swift */ = {isa = PBXFileReference; lastKnownFileType = sourcecode.swift; path = LoginView.swift; sourceTree = "<group>"; };
		42CD03E825BED25700EAB1E4 /* AboutView.swift */ = {isa = PBXFileReference; lastKnownFileType = sourcecode.swift; path = AboutView.swift; sourceTree = "<group>"; };
/* End PBXFileReference section */

/* Begin PBXFrameworksBuildPhase section */
		426F530025C2D40500C47B75 /* Frameworks */ = {
			isa = PBXFrameworksBuildPhase;
			buildActionMask = 2147483647;
			files = (
			);
			runOnlyForDeploymentPostprocessing = 0;
		};
		42CD03CF25BEC85600EAB1E4 /* Frameworks */ = {
			isa = PBXFrameworksBuildPhase;
			buildActionMask = 2147483647;
			files = (
			);
			runOnlyForDeploymentPostprocessing = 0;
		};
/* End PBXFrameworksBuildPhase section */

/* Begin PBXGroup section */
		4254552725C5552E002BA1A9 /* Utilities */ = {
			isa = PBXGroup;
			children = (
				4254552825C55541002BA1A9 /* URL+Extensions.swift */,
			);
			path = Utilities;
			sourceTree = "<group>";
		};
		426F530425C2D40500C47B75 /* OnTheMapTests */ = {
			isa = PBXGroup;
			children = (
				426F530525C2D40500C47B75 /* OnTheMapTests.swift */,
				4244788525C3FD940033E176 /* OnTheMapApi+URLRequestsTests.swift */,
				426F530725C2D40500C47B75 /* Info.plist */,
			);
			path = OnTheMapTests;
			sourceTree = "<group>";
		};
		42A41A9E25C0BF21001B37B5 /* Model */ = {
			isa = PBXGroup;
			children = (
				42A41A9F25C0BF2A001B37B5 /* API */,
				42A41AA725C0C8AA001B37B5 /* OnTheMapModel.swift */,
				42A452BD25C1619200EDF84C /* ApiClient.swift */,
			);
			path = Model;
			sourceTree = "<group>";
		};
		42A41A9F25C0BF2A001B37B5 /* API */ = {
			isa = PBXGroup;
			children = (
				42A41AA025C0BF39001B37B5 /* OnTheMapApi.swift */,
				42A41AA425C0C1D7001B37B5 /* OnTheMapApi+PostSession.swift */,
				4244788B25C400250033E176 /* OnTheMapApi+StudentLocation.swift */,
				4244788F25C4003B0033E176 /* OnTheMapError.swift */,
				424FBF9F25C16541008DC2DC /* UdacitySessionCredentials.swift */,
				424FBFA225C16993008DC2DC /* UdacitySessionToken.swift */,
				4244789325C400EC0033E176 /* StudentLocation.swift */,
				424FBFA525C16AD1008DC2DC /* UdacityError.swift */,
			);
			path = API;
			sourceTree = "<group>";
		};
		42CD03C925BEC85600EAB1E4 = {
			isa = PBXGroup;
			children = (
				42CD03D425BEC85600EAB1E4 /* OnTheMap */,
				426F530425C2D40500C47B75 /* OnTheMapTests */,
				42CD03D325BEC85600EAB1E4 /* Products */,
			);
			sourceTree = "<group>";
		};
		42CD03D325BEC85600EAB1E4 /* Products */ = {
			isa = PBXGroup;
			children = (
				42CD03D225BEC85600EAB1E4 /* OnTheMap.app */,
				426F530325C2D40500C47B75 /* OnTheMapTests.xctest */,
			);
			name = Products;
			sourceTree = "<group>";
		};
		42CD03D425BEC85600EAB1E4 /* OnTheMap */ = {
			isa = PBXGroup;
			children = (
				425F7B1D25C570B3009A311B /* HorizontalItemView.swift */,
				4254552725C5552E002BA1A9 /* Utilities */,
				42A41A9E25C0BF21001B37B5 /* Model */,
				42CD03D525BEC85600EAB1E4 /* OnTheMapApp.swift */,
				42CD03D725BEC85600EAB1E4 /* MainView.swift */,
				42CD03D925BEC85900EAB1E4 /* Assets.xcassets */,
				42CD03DE25BEC85900EAB1E4 /* Info.plist */,
				42CD03DB25BEC85900EAB1E4 /* Preview Content */,
				42CD03E525BEC8F700EAB1E4 /* LoginView.swift */,
				42CD03E825BED25700EAB1E4 /* AboutView.swift */,
				426F530F25C2DFDD00C47B75 /* MapTabView.swift */,
				4254552C25C56372002BA1A9 /* MapStudentLocationsView.swift */,
				425F7B1925C56D09009A311B /* StudentLocationDetailView.swift */,
				425F7B1525C569EE009A311B /* OnTheMapPinView.swift */,
				4244789725C4031A0033E176 /* ListStudentLocationsView.swift */,
				4244789F25C403C20033E176 /* FileManager+Extensions.swift */,
			);
			path = OnTheMap;
			sourceTree = "<group>";
		};
		42CD03DB25BEC85900EAB1E4 /* Preview Content */ = {
			isa = PBXGroup;
			children = (
				4244789B25C403900033E176 /* studentLocationsDummy.json */,
				42CD03DC25BEC85900EAB1E4 /* Preview Assets.xcassets */,
			);
			path = "Preview Content";
			sourceTree = "<group>";
		};
/* End PBXGroup section */

/* Begin PBXNativeTarget section */
		426F530225C2D40500C47B75 /* OnTheMapTests */ = {
			isa = PBXNativeTarget;
			buildConfigurationList = 426F530C25C2D40500C47B75 /* Build configuration list for PBXNativeTarget "OnTheMapTests" */;
			buildPhases = (
				426F52FF25C2D40500C47B75 /* Sources */,
				426F530025C2D40500C47B75 /* Frameworks */,
				426F530125C2D40500C47B75 /* Resources */,
			);
			buildRules = (
			);
			dependencies = (
				426F530925C2D40500C47B75 /* PBXTargetDependency */,
			);
			name = OnTheMapTests;
			productName = OnTheMapTests;
			productReference = 426F530325C2D40500C47B75 /* OnTheMapTests.xctest */;
			productType = "com.apple.product-type.bundle.unit-test";
		};
		42CD03D125BEC85600EAB1E4 /* OnTheMap */ = {
			isa = PBXNativeTarget;
			buildConfigurationList = 42CD03E125BEC85900EAB1E4 /* Build configuration list for PBXNativeTarget "OnTheMap" */;
			buildPhases = (
				42CD03CE25BEC85600EAB1E4 /* Sources */,
				42CD03CF25BEC85600EAB1E4 /* Frameworks */,
				42CD03D025BEC85600EAB1E4 /* Resources */,
			);
			buildRules = (
			);
			dependencies = (
			);
			name = OnTheMap;
			productName = OnTheMap;
			productReference = 42CD03D225BEC85600EAB1E4 /* OnTheMap.app */;
			productType = "com.apple.product-type.application";
		};
/* End PBXNativeTarget section */

/* Begin PBXProject section */
		42CD03CA25BEC85600EAB1E4 /* Project object */ = {
			isa = PBXProject;
			attributes = {
				LastSwiftUpdateCheck = 1240;
				LastUpgradeCheck = 1230;
				TargetAttributes = {
					426F530225C2D40500C47B75 = {
						CreatedOnToolsVersion = 12.4;
						TestTargetID = 42CD03D125BEC85600EAB1E4;
					};
					42CD03D125BEC85600EAB1E4 = {
						CreatedOnToolsVersion = 12.3;
					};
				};
			};
			buildConfigurationList = 42CD03CD25BEC85600EAB1E4 /* Build configuration list for PBXProject "OnTheMap" */;
			compatibilityVersion = "Xcode 9.3";
			developmentRegion = en;
			hasScannedForEncodings = 0;
			knownRegions = (
				en,
				Base,
			);
			mainGroup = 42CD03C925BEC85600EAB1E4;
			productRefGroup = 42CD03D325BEC85600EAB1E4 /* Products */;
			projectDirPath = "";
			projectRoot = "";
			targets = (
				42CD03D125BEC85600EAB1E4 /* OnTheMap */,
				426F530225C2D40500C47B75 /* OnTheMapTests */,
			);
		};
/* End PBXProject section */

/* Begin PBXResourcesBuildPhase section */
		426F530125C2D40500C47B75 /* Resources */ = {
			isa = PBXResourcesBuildPhase;
			buildActionMask = 2147483647;
			files = (
			);
			runOnlyForDeploymentPostprocessing = 0;
		};
		42CD03D025BEC85600EAB1E4 /* Resources */ = {
			isa = PBXResourcesBuildPhase;
			buildActionMask = 2147483647;
			files = (
				42CD03DD25BEC85900EAB1E4 /* Preview Assets.xcassets in Resources */,
				4244789C25C403900033E176 /* studentLocationsDummy.json in Resources */,
				42CD03DA25BEC85900EAB1E4 /* Assets.xcassets in Resources */,
			);
			runOnlyForDeploymentPostprocessing = 0;
		};
/* End PBXResourcesBuildPhase section */

/* Begin PBXSourcesBuildPhase section */
		426F52FF25C2D40500C47B75 /* Sources */ = {
			isa = PBXSourcesBuildPhase;
			buildActionMask = 2147483647;
			files = (
				4244788625C3FD940033E176 /* OnTheMapApi+URLRequestsTests.swift in Sources */,
				426F530625C2D40500C47B75 /* OnTheMapTests.swift in Sources */,
			);
			runOnlyForDeploymentPostprocessing = 0;
		};
		42CD03CE25BEC85600EAB1E4 /* Sources */ = {
			isa = PBXSourcesBuildPhase;
			buildActionMask = 2147483647;
			files = (
				4244788C25C400250033E176 /* OnTheMapApi+StudentLocation.swift in Sources */,
				42CD03E925BED25700EAB1E4 /* AboutView.swift in Sources */,
				425F7B1A25C56D09009A311B /* StudentLocationDetailView.swift in Sources */,
				424FBFA625C16AD1008DC2DC /* UdacityError.swift in Sources */,
				4244789825C4031A0033E176 /* ListStudentLocationsView.swift in Sources */,
				4244789425C400EC0033E176 /* StudentLocation.swift in Sources */,
				42A41AA525C0C1D7001B37B5 /* OnTheMapApi+PostSession.swift in Sources */,
				42A41AA825C0C8AA001B37B5 /* OnTheMapModel.swift in Sources */,
				42A452BE25C1619200EDF84C /* ApiClient.swift in Sources */,
				4244789025C4003B0033E176 /* OnTheMapError.swift in Sources */,
				42CD03E625BEC8F700EAB1E4 /* LoginView.swift in Sources */,
				4254552D25C56372002BA1A9 /* MapStudentLocationsView.swift in Sources */,
				42A41AA125C0BF39001B37B5 /* OnTheMapApi.swift in Sources */,
				425F7B1E25C570B3009A311B /* HorizontalItemView.swift in Sources */,
				42CD03D825BEC85600EAB1E4 /* MainView.swift in Sources */,
				42CD03D625BEC85600EAB1E4 /* OnTheMapApp.swift in Sources */,
				425F7B1625C569EE009A311B /* OnTheMapPinView.swift in Sources */,
				4254552925C55541002BA1A9 /* URL+Extensions.swift in Sources */,
				424FBFA325C16993008DC2DC /* UdacitySessionToken.swift in Sources */,
				424478A025C403C20033E176 /* FileManager+Extensions.swift in Sources */,
				426F531025C2DFDD00C47B75 /* MapTabView.swift in Sources */,
				424FBFA025C16541008DC2DC /* UdacitySessionCredentials.swift in Sources */,
			);
			runOnlyForDeploymentPostprocessing = 0;
		};
/* End PBXSourcesBuildPhase section */

/* Begin PBXTargetDependency section */
		426F530925C2D40500C47B75 /* PBXTargetDependency */ = {
			isa = PBXTargetDependency;
			target = 42CD03D125BEC85600EAB1E4 /* OnTheMap */;
			targetProxy = 426F530825C2D40500C47B75 /* PBXContainerItemProxy */;
		};
/* End PBXTargetDependency section */

/* Begin XCBuildConfiguration section */
		426F530A25C2D40500C47B75 /* Debug */ = {
			isa = XCBuildConfiguration;
			buildSettings = {
				BUNDLE_LOADER = "$(TEST_HOST)";
				CODE_SIGN_STYLE = Automatic;
				DEVELOPMENT_TEAM = 8XPT9US388;
				INFOPLIST_FILE = OnTheMapTests/Info.plist;
				IPHONEOS_DEPLOYMENT_TARGET = 14.4;
				LD_RUNPATH_SEARCH_PATHS = (
					"$(inherited)",
					"@executable_path/Frameworks",
					"@loader_path/Frameworks",
				);
				PRODUCT_BUNDLE_IDENTIFIER = br.com.ataias.OnTheMapTests;
				PRODUCT_NAME = "$(TARGET_NAME)";
				SWIFT_VERSION = 5.0;
				TARGETED_DEVICE_FAMILY = "1,2";
				TEST_HOST = "$(BUILT_PRODUCTS_DIR)/OnTheMap.app/OnTheMap";
			};
			name = Debug;
		};
		426F530B25C2D40500C47B75 /* Release */ = {
			isa = XCBuildConfiguration;
			buildSettings = {
				BUNDLE_LOADER = "$(TEST_HOST)";
				CODE_SIGN_STYLE = Automatic;
				DEVELOPMENT_TEAM = 8XPT9US388;
				INFOPLIST_FILE = OnTheMapTests/Info.plist;
				IPHONEOS_DEPLOYMENT_TARGET = 14.4;
				LD_RUNPATH_SEARCH_PATHS = (
					"$(inherited)",
					"@executable_path/Frameworks",
					"@loader_path/Frameworks",
				);
				PRODUCT_BUNDLE_IDENTIFIER = br.com.ataias.OnTheMapTests;
				PRODUCT_NAME = "$(TARGET_NAME)";
				SWIFT_VERSION = 5.0;
				TARGETED_DEVICE_FAMILY = "1,2";
				TEST_HOST = "$(BUILT_PRODUCTS_DIR)/OnTheMap.app/OnTheMap";
			};
			name = Release;
		};
		42CD03DF25BEC85900EAB1E4 /* Debug */ = {
			isa = XCBuildConfiguration;
			buildSettings = {
				ALWAYS_SEARCH_USER_PATHS = NO;
				CLANG_ANALYZER_NONNULL = YES;
				CLANG_ANALYZER_NUMBER_OBJECT_CONVERSION = YES_AGGRESSIVE;
				CLANG_CXX_LANGUAGE_STANDARD = "gnu++14";
				CLANG_CXX_LIBRARY = "libc++";
				CLANG_ENABLE_MODULES = YES;
				CLANG_ENABLE_OBJC_ARC = YES;
				CLANG_ENABLE_OBJC_WEAK = YES;
				CLANG_WARN_BLOCK_CAPTURE_AUTORELEASING = YES;
				CLANG_WARN_BOOL_CONVERSION = YES;
				CLANG_WARN_COMMA = YES;
				CLANG_WARN_CONSTANT_CONVERSION = YES;
				CLANG_WARN_DEPRECATED_OBJC_IMPLEMENTATIONS = YES;
				CLANG_WARN_DIRECT_OBJC_ISA_USAGE = YES_ERROR;
				CLANG_WARN_DOCUMENTATION_COMMENTS = YES;
				CLANG_WARN_EMPTY_BODY = YES;
				CLANG_WARN_ENUM_CONVERSION = YES;
				CLANG_WARN_INFINITE_RECURSION = YES;
				CLANG_WARN_INT_CONVERSION = YES;
				CLANG_WARN_NON_LITERAL_NULL_CONVERSION = YES;
				CLANG_WARN_OBJC_IMPLICIT_RETAIN_SELF = YES;
				CLANG_WARN_OBJC_LITERAL_CONVERSION = YES;
				CLANG_WARN_OBJC_ROOT_CLASS = YES_ERROR;
				CLANG_WARN_QUOTED_INCLUDE_IN_FRAMEWORK_HEADER = YES;
				CLANG_WARN_RANGE_LOOP_ANALYSIS = YES;
				CLANG_WARN_STRICT_PROTOTYPES = YES;
				CLANG_WARN_SUSPICIOUS_MOVE = YES;
				CLANG_WARN_UNGUARDED_AVAILABILITY = YES_AGGRESSIVE;
				CLANG_WARN_UNREACHABLE_CODE = YES;
				CLANG_WARN__DUPLICATE_METHOD_MATCH = YES;
				COPY_PHASE_STRIP = NO;
				DEBUG_INFORMATION_FORMAT = dwarf;
				ENABLE_STRICT_OBJC_MSGSEND = YES;
				ENABLE_TESTABILITY = YES;
				GCC_C_LANGUAGE_STANDARD = gnu11;
				GCC_DYNAMIC_NO_PIC = NO;
				GCC_NO_COMMON_BLOCKS = YES;
				GCC_OPTIMIZATION_LEVEL = 0;
				GCC_PREPROCESSOR_DEFINITIONS = (
					"DEBUG=1",
					"$(inherited)",
				);
				GCC_WARN_64_TO_32_BIT_CONVERSION = YES;
				GCC_WARN_ABOUT_RETURN_TYPE = YES_ERROR;
				GCC_WARN_UNDECLARED_SELECTOR = YES;
				GCC_WARN_UNINITIALIZED_AUTOS = YES_AGGRESSIVE;
				GCC_WARN_UNUSED_FUNCTION = YES;
				GCC_WARN_UNUSED_VARIABLE = YES;
				IPHONEOS_DEPLOYMENT_TARGET = 14.3;
				MTL_ENABLE_DEBUG_INFO = INCLUDE_SOURCE;
				MTL_FAST_MATH = YES;
				ONLY_ACTIVE_ARCH = YES;
				SDKROOT = iphoneos;
				SWIFT_ACTIVE_COMPILATION_CONDITIONS = DEBUG;
				SWIFT_OPTIMIZATION_LEVEL = "-Onone";
			};
			name = Debug;
		};
		42CD03E025BEC85900EAB1E4 /* Release */ = {
			isa = XCBuildConfiguration;
			buildSettings = {
				ALWAYS_SEARCH_USER_PATHS = NO;
				CLANG_ANALYZER_NONNULL = YES;
				CLANG_ANALYZER_NUMBER_OBJECT_CONVERSION = YES_AGGRESSIVE;
				CLANG_CXX_LANGUAGE_STANDARD = "gnu++14";
				CLANG_CXX_LIBRARY = "libc++";
				CLANG_ENABLE_MODULES = YES;
				CLANG_ENABLE_OBJC_ARC = YES;
				CLANG_ENABLE_OBJC_WEAK = YES;
				CLANG_WARN_BLOCK_CAPTURE_AUTORELEASING = YES;
				CLANG_WARN_BOOL_CONVERSION = YES;
				CLANG_WARN_COMMA = YES;
				CLANG_WARN_CONSTANT_CONVERSION = YES;
				CLANG_WARN_DEPRECATED_OBJC_IMPLEMENTATIONS = YES;
				CLANG_WARN_DIRECT_OBJC_ISA_USAGE = YES_ERROR;
				CLANG_WARN_DOCUMENTATION_COMMENTS = YES;
				CLANG_WARN_EMPTY_BODY = YES;
				CLANG_WARN_ENUM_CONVERSION = YES;
				CLANG_WARN_INFINITE_RECURSION = YES;
				CLANG_WARN_INT_CONVERSION = YES;
				CLANG_WARN_NON_LITERAL_NULL_CONVERSION = YES;
				CLANG_WARN_OBJC_IMPLICIT_RETAIN_SELF = YES;
				CLANG_WARN_OBJC_LITERAL_CONVERSION = YES;
				CLANG_WARN_OBJC_ROOT_CLASS = YES_ERROR;
				CLANG_WARN_QUOTED_INCLUDE_IN_FRAMEWORK_HEADER = YES;
				CLANG_WARN_RANGE_LOOP_ANALYSIS = YES;
				CLANG_WARN_STRICT_PROTOTYPES = YES;
				CLANG_WARN_SUSPICIOUS_MOVE = YES;
				CLANG_WARN_UNGUARDED_AVAILABILITY = YES_AGGRESSIVE;
				CLANG_WARN_UNREACHABLE_CODE = YES;
				CLANG_WARN__DUPLICATE_METHOD_MATCH = YES;
				COPY_PHASE_STRIP = NO;
				DEBUG_INFORMATION_FORMAT = "dwarf-with-dsym";
				ENABLE_NS_ASSERTIONS = NO;
				ENABLE_STRICT_OBJC_MSGSEND = YES;
				GCC_C_LANGUAGE_STANDARD = gnu11;
				GCC_NO_COMMON_BLOCKS = YES;
				GCC_WARN_64_TO_32_BIT_CONVERSION = YES;
				GCC_WARN_ABOUT_RETURN_TYPE = YES_ERROR;
				GCC_WARN_UNDECLARED_SELECTOR = YES;
				GCC_WARN_UNINITIALIZED_AUTOS = YES_AGGRESSIVE;
				GCC_WARN_UNUSED_FUNCTION = YES;
				GCC_WARN_UNUSED_VARIABLE = YES;
				IPHONEOS_DEPLOYMENT_TARGET = 14.3;
				MTL_ENABLE_DEBUG_INFO = NO;
				MTL_FAST_MATH = YES;
				SDKROOT = iphoneos;
				SWIFT_COMPILATION_MODE = wholemodule;
				SWIFT_OPTIMIZATION_LEVEL = "-O";
				VALIDATE_PRODUCT = YES;
			};
			name = Release;
		};
		42CD03E225BEC85900EAB1E4 /* Debug */ = {
			isa = XCBuildConfiguration;
			buildSettings = {
				ASSETCATALOG_COMPILER_APPICON_NAME = AppIcon;
				ASSETCATALOG_COMPILER_GLOBAL_ACCENT_COLOR_NAME = AccentColor;
				CODE_SIGN_STYLE = Automatic;
				DEVELOPMENT_ASSET_PATHS = "\"OnTheMap/Preview Content\"";
				DEVELOPMENT_TEAM = 8XPT9US388;
				ENABLE_PREVIEWS = YES;
				INFOPLIST_FILE = OnTheMap/Info.plist;
				IPHONEOS_DEPLOYMENT_TARGET = 14.0;
				LD_RUNPATH_SEARCH_PATHS = (
					"$(inherited)",
					"@executable_path/Frameworks",
				);
				PRODUCT_BUNDLE_IDENTIFIER = br.com.ataias.OnTheMap;
				PRODUCT_NAME = "$(TARGET_NAME)";
				SWIFT_VERSION = 5.0;
				TARGETED_DEVICE_FAMILY = "1,2";
			};
			name = Debug;
		};
		42CD03E325BEC85900EAB1E4 /* Release */ = {
			isa = XCBuildConfiguration;
			buildSettings = {
				ASSETCATALOG_COMPILER_APPICON_NAME = AppIcon;
				ASSETCATALOG_COMPILER_GLOBAL_ACCENT_COLOR_NAME = AccentColor;
				CODE_SIGN_STYLE = Automatic;
				DEVELOPMENT_ASSET_PATHS = "\"OnTheMap/Preview Content\"";
				DEVELOPMENT_TEAM = 8XPT9US388;
				ENABLE_PREVIEWS = YES;
				INFOPLIST_FILE = OnTheMap/Info.plist;
				IPHONEOS_DEPLOYMENT_TARGET = 14.0;
				LD_RUNPATH_SEARCH_PATHS = (
					"$(inherited)",
					"@executable_path/Frameworks",
				);
				PRODUCT_BUNDLE_IDENTIFIER = br.com.ataias.OnTheMap;
				PRODUCT_NAME = "$(TARGET_NAME)";
				SWIFT_VERSION = 5.0;
				TARGETED_DEVICE_FAMILY = "1,2";
			};
			name = Release;
		};
/* End XCBuildConfiguration section */

/* Begin XCConfigurationList section */
		426F530C25C2D40500C47B75 /* Build configuration list for PBXNativeTarget "OnTheMapTests" */ = {
			isa = XCConfigurationList;
			buildConfigurations = (
				426F530A25C2D40500C47B75 /* Debug */,
				426F530B25C2D40500C47B75 /* Release */,
			);
			defaultConfigurationIsVisible = 0;
			defaultConfigurationName = Release;
		};
		42CD03CD25BEC85600EAB1E4 /* Build configuration list for PBXProject "OnTheMap" */ = {
			isa = XCConfigurationList;
			buildConfigurations = (
				42CD03DF25BEC85900EAB1E4 /* Debug */,
				42CD03E025BEC85900EAB1E4 /* Release */,
			);
			defaultConfigurationIsVisible = 0;
			defaultConfigurationName = Release;
		};
		42CD03E125BEC85900EAB1E4 /* Build configuration list for PBXNativeTarget "OnTheMap" */ = {
			isa = XCConfigurationList;
			buildConfigurations = (
				42CD03E225BEC85900EAB1E4 /* Debug */,
				42CD03E325BEC85900EAB1E4 /* Release */,
			);
			defaultConfigurationIsVisible = 0;
			defaultConfigurationName = Release;
		};
/* End XCConfigurationList section */
	};
	rootObject = 42CD03CA25BEC85600EAB1E4 /* Project object */;
}
